// !$*UTF8*$!
{
	archiveVersion = 1;
	classes = {
	};
	objectVersion = 46;
	objects = {

/* Begin PBXBuildFile section */
		5C4FA9421F31D08B00AF1BC1 /* ItemDetailViewController.swift in Sources */ = {isa = PBXBuildFile; fileRef = 5C4FA9411F31D08B00AF1BC1 /* ItemDetailViewController.swift */; };
		5CA08BEA1F3C42ED00A560FB /* README.md in Sources */ = {isa = PBXBuildFile; fileRef = 5CA08BE91F3C42EC00A560FB /* README.md */; };
		5CB7AE4A1F1F4F4F009D1A36 /* ChecklistItem.swift in Sources */ = {isa = PBXBuildFile; fileRef = 5CB7AE491F1F4F4F009D1A36 /* ChecklistItem.swift */; };
		5CE860671F0F4EA300DCCF38 /* AppDelegate.swift in Sources */ = {isa = PBXBuildFile; fileRef = 5CE860661F0F4EA300DCCF38 /* AppDelegate.swift */; };
		5CE860691F0F4EA300DCCF38 /* ChecklistViewController.swift in Sources */ = {isa = PBXBuildFile; fileRef = 5CE860681F0F4EA300DCCF38 /* ChecklistViewController.swift */; };
		5CE8606C1F0F4EA300DCCF38 /* Main.storyboard in Resources */ = {isa = PBXBuildFile; fileRef = 5CE8606A1F0F4EA300DCCF38 /* Main.storyboard */; };
		5CE8606E1F0F4EA300DCCF38 /* Assets.xcassets in Resources */ = {isa = PBXBuildFile; fileRef = 5CE8606D1F0F4EA300DCCF38 /* Assets.xcassets */; };
		5CE860711F0F4EA300DCCF38 /* LaunchScreen.storyboard in Resources */ = {isa = PBXBuildFile; fileRef = 5CE8606F1F0F4EA300DCCF38 /* LaunchScreen.storyboard */; };
/* End PBXBuildFile section */

/* Begin PBXFileReference section */
		5C4FA9411F31D08B00AF1BC1 /* ItemDetailViewController.swift */ = {isa = PBXFileReference; fileEncoding = 4; lastKnownFileType = sourcecode.swift; lineEnding = 0; path = ItemDetailViewController.swift; sourceTree = "<group>"; xcLanguageSpecificationIdentifier = xcode.lang.swift; };
		5CA08BE91F3C42EC00A560FB /* README.md */ = {isa = PBXFileReference; fileEncoding = 4; lastKnownFileType = net.daringfireball.markdown; path = README.md; sourceTree = "<group>"; };
		5CB7AE491F1F4F4F009D1A36 /* ChecklistItem.swift */ = {isa = PBXFileReference; fileEncoding = 4; lastKnownFileType = sourcecode.swift; path = ChecklistItem.swift; sourceTree = "<group>"; };
		5CE860631F0F4EA300DCCF38 /* Checklists.app */ = {isa = PBXFileReference; explicitFileType = wrapper.application; includeInIndex = 0; path = Checklists.app; sourceTree = BUILT_PRODUCTS_DIR; };
		5CE860661F0F4EA300DCCF38 /* AppDelegate.swift */ = {isa = PBXFileReference; lastKnownFileType = sourcecode.swift; path = AppDelegate.swift; sourceTree = "<group>"; };
		5CE860681F0F4EA300DCCF38 /* ChecklistViewController.swift */ = {isa = PBXFileReference; lastKnownFileType = sourcecode.swift; lineEnding = 0; path = ChecklistViewController.swift; sourceTree = "<group>"; xcLanguageSpecificationIdentifier = xcode.lang.swift; };
		5CE8606B1F0F4EA300DCCF38 /* Base */ = {isa = PBXFileReference; lastKnownFileType = file.storyboard; name = Base; path = Base.lproj/Main.storyboard; sourceTree = "<group>"; };
		5CE8606D1F0F4EA300DCCF38 /* Assets.xcassets */ = {isa = PBXFileReference; lastKnownFileType = folder.assetcatalog; path = Assets.xcassets; sourceTree = "<group>"; };
		5CE860701F0F4EA300DCCF38 /* Base */ = {isa = PBXFileReference; lastKnownFileType = file.storyboard; name = Base; path = Base.lproj/LaunchScreen.storyboard; sourceTree = "<group>"; };
		5CE860721F0F4EA300DCCF38 /* Info.plist */ = {isa = PBXFileReference; lastKnownFileType = text.plist.xml; path = Info.plist; sourceTree = "<group>"; };
/* End PBXFileReference section */

/* Begin PBXFrameworksBuildPhase section */
		5CE860601F0F4EA300DCCF38 /* Frameworks */ = {
			isa = PBXFrameworksBuildPhase;
			buildActionMask = 2147483647;
			files = (
			);
			runOnlyForDeploymentPostprocessing = 0;
		};
/* End PBXFrameworksBuildPhase section */

/* Begin PBXGroup section */
		5CE8605A1F0F4EA300DCCF38 = {
			isa = PBXGroup;
			children = (
				5CE860651F0F4EA300DCCF38 /* Checklists */,
				5CE860641F0F4EA300DCCF38 /* Products */,
			);
			sourceTree = "<group>";
		};
		5CE860641F0F4EA300DCCF38 /* Products */ = {
			isa = PBXGroup;
			children = (
				5CE860631F0F4EA300DCCF38 /* Checklists.app */,
			);
			name = Products;
			sourceTree = "<group>";
		};
		5CE860651F0F4EA300DCCF38 /* Checklists */ = {
			isa = PBXGroup;
			children = (
				5CA08BE91F3C42EC00A560FB /* README.md */,
				5CE860661F0F4EA300DCCF38 /* AppDelegate.swift */,
				5CE860681F0F4EA300DCCF38 /* ChecklistViewController.swift */,
				5CE8606A1F0F4EA300DCCF38 /* Main.storyboard */,
				5CE8606D1F0F4EA300DCCF38 /* Assets.xcassets */,
				5CE8606F1F0F4EA300DCCF38 /* LaunchScreen.storyboard */,
				5CE860721F0F4EA300DCCF38 /* Info.plist */,
				5CB7AE491F1F4F4F009D1A36 /* ChecklistItem.swift */,
				5C4FA9411F31D08B00AF1BC1 /* ItemDetailViewController.swift */,
			);
			path = Checklists;
			sourceTree = "<group>";
		};
/* End PBXGroup section */

/* Begin PBXNativeTarget section */
		5CE860621F0F4EA300DCCF38 /* Checklists */ = {
			isa = PBXNativeTarget;
			buildConfigurationList = 5CE860751F0F4EA300DCCF38 /* Build configuration list for PBXNativeTarget "Checklists" */;
			buildPhases = (
				5CE8605F1F0F4EA300DCCF38 /* Sources */,
				5CE860601F0F4EA300DCCF38 /* Frameworks */,
				5CE860611F0F4EA300DCCF38 /* Resources */,
			);
			buildRules = (
			);
			dependencies = (
			);
			name = Checklists;
			productName = Checklists;
			productReference = 5CE860631F0F4EA300DCCF38 /* Checklists.app */;
			productType = "com.apple.product-type.application";
		};
/* End PBXNativeTarget section */

/* Begin PBXProject section */
		5CE8605B1F0F4EA300DCCF38 /* Project object */ = {
			isa = PBXProject;
			attributes = {
				LastSwiftUpdateCheck = 0830;
				LastUpgradeCheck = 0830;
				ORGANIZATIONNAME = uocean;
				TargetAttributes = {
					5CE860621F0F4EA300DCCF38 = {
						CreatedOnToolsVersion = 8.3.3;
						DevelopmentTeam = C7RZ55UYB2;
						ProvisioningStyle = Automatic;
					};
				};
			};
			buildConfigurationList = 5CE8605E1F0F4EA300DCCF38 /* Build configuration list for PBXProject "Checklists" */;
			compatibilityVersion = "Xcode 3.2";
			developmentRegion = English;
			hasScannedForEncodings = 0;
			knownRegions = (
				en,
				Base,
			);
			mainGroup = 5CE8605A1F0F4EA300DCCF38;
			productRefGroup = 5CE860641F0F4EA300DCCF38 /* Products */;
			projectDirPath = "";
			projectRoot = "";
			targets = (
				5CE860621F0F4EA300DCCF38 /* Checklists */,
			);
		};
/* End PBXProject section */

/* Begin PBXResourcesBuildPhase section */
		5CE860611F0F4EA300DCCF38 /* Resources */ = {
			isa = PBXResourcesBuildPhase;
			buildActionMask = 2147483647;
			files = (
				5CE860711F0F4EA300DCCF38 /* LaunchScreen.storyboard in Resources */,
				5CE8606E1F0F4EA300DCCF38 /* Assets.xcassets in Resources */,
				5CE8606C1F0F4EA300DCCF38 /* Main.storyboard in Resources */,
			);
			runOnlyForDeploymentPostprocessing = 0;
		};
/* End PBXResourcesBuildPhase section */

/* Begin PBXSourcesBuildPhase section */
		5CE8605F1F0F4EA300DCCF38 /* Sources */ = {
			isa = PBXSourcesBuildPhase;
			buildActionMask = 2147483647;
			files = (
				5CE860691F0F4EA300DCCF38 /* ChecklistViewController.swift in Sources */,
				5C4FA9421F31D08B00AF1BC1 /* ItemDetailViewController.swift in Sources */,
				5CA08BEA1F3C42ED00A560FB /* README.md in Sources */,
				5CB7AE4A1F1F4F4F009D1A36 /* ChecklistItem.swift in Sources */,
				5CE860671F0F4EA300DCCF38 /* AppDelegate.swift in Sources */,
			);
			runOnlyForDeploymentPostprocessing = 0;
		};
/* End PBXSourcesBuildPhase section */

/* Begin PBXVariantGroup section */
		5CE8606A1F0F4EA300DCCF38 /* Main.storyboard */ = {
			isa = PBXVariantGroup;
			children = (
				5CE8606B1F0F4EA300DCCF38 /* Base */,
			);
			name = Main.storyboard;
			sourceTree = "<group>";
		};
		5CE8606F1F0F4EA300DCCF38 /* LaunchScreen.storyboard */ = {
			isa = PBXVariantGroup;
			children = (
				5CE860701F0F4EA300DCCF38 /* Base */,
			);
			name = LaunchScreen.storyboard;
			sourceTree = "<group>";
		};
/* End PBXVariantGroup section */

/* Begin XCBuildConfiguration section */
		5CE860731F0F4EA300DCCF38 /* Debug */ = {
			isa = XCBuildConfiguration;
			buildSettings = {
				ALWAYS_SEARCH_USER_PATHS = NO;
				CLANG_ANALYZER_NONNULL = YES;
				CLANG_ANALYZER_NUMBER_OBJECT_CONVERSION = YES_AGGRESSIVE;
				CLANG_CXX_LANGUAGE_STANDARD = "gnu++0x";
				CLANG_CXX_LIBRARY = "libc++";
				CLANG_ENABLE_MODULES = YES;
				CLANG_ENABLE_OBJC_ARC = YES;
				CLANG_WARN_BOOL_CONVERSION = YES;
				CLANG_WARN_CONSTANT_CONVERSION = YES;
				CLANG_WARN_DIRECT_OBJC_ISA_USAGE = YES_ERROR;
				CLANG_WARN_DOCUMENTATION_COMMENTS = YES;
				CLANG_WARN_EMPTY_BODY = YES;
				CLANG_WARN_ENUM_CONVERSION = YES;
				CLANG_WARN_INFINITE_RECURSION = YES;
				CLANG_WARN_INT_CONVERSION = YES;
				CLANG_WARN_OBJC_ROOT_CLASS = YES_ERROR;
				CLANG_WARN_SUSPICIOUS_MOVE = YES;
				CLANG_WARN_UNREACHABLE_CODE = YES;
				CLANG_WARN__DUPLICATE_METHOD_MATCH = YES;
				"CODE_SIGN_IDENTITY[sdk=iphoneos*]" = "iPhone Developer";
				COPY_PHASE_STRIP = NO;
				DEBUG_INFORMATION_FORMAT = dwarf;
				ENABLE_STRICT_OBJC_MSGSEND = YES;
				ENABLE_TESTABILITY = YES;
				GCC_C_LANGUAGE_STANDARD = gnu99;
				GCC_DYNAMIC_NO_PIC = NO;
				GCC_NO_COMMON_BLOCKS = YES;
				GCC_OPTIMIZATION_LEVEL = 0;
				GCC_PREPROCESSOR_DEFINITIONS = (
					"DEBUG=1",
					"$(inherited)",
				);
				GCC_WARN_64_TO_32_BIT_CONVERSION = YES;
				GCC_WARN_ABOUT_RETURN_TYPE = YES_ERROR;
				GCC_WARN_UNDECLARED_SELECTOR = YES;
				GCC_WARN_UNINITIALIZED_AUTOS = YES_AGGRESSIVE;
				GCC_WARN_UNUSED_FUNCTION = YES;
				GCC_WARN_UNUSED_VARIABLE = YES;
				IPHONEOS_DEPLOYMENT_TARGET = 10.3;
				MTL_ENABLE_DEBUG_INFO = YES;
				ONLY_ACTIVE_ARCH = YES;
				SDKROOT = iphoneos;
				SWIFT_ACTIVE_COMPILATION_CONDITIONS = DEBUG;
				SWIFT_OPTIMIZATION_LEVEL = "-Onone";
			};
			name = Debug;
		};
		5CE860741F0F4EA300DCCF38 /* Release */ = {
			isa = XCBuildConfiguration;
			buildSettings = {
				ALWAYS_SEARCH_USER_PATHS = NO;
				CLANG_ANALYZER_NONNULL = YES;
				CLANG_ANALYZER_NUMBER_OBJECT_CONVERSION = YES_AGGRESSIVE;
				CLANG_CXX_LANGUAGE_STANDARD = "gnu++0x";
				CLANG_CXX_LIBRARY = "libc++";
				CLANG_ENABLE_MODULES = YES;
				CLANG_ENABLE_OBJC_ARC = YES;
				CLANG_WARN_BOOL_CONVERSION = YES;
				CLANG_WARN_CONSTANT_CONVERSION = YES;
				CLANG_WARN_DIRECT_OBJC_ISA_USAGE = YES_ERROR;
				CLANG_WARN_DOCUMENTATION_COMMENTS = YES;
				CLANG_WARN_EMPTY_BODY = YES;
				CLANG_WARN_ENUM_CONVERSION = YES;
				CLANG_WARN_INFINITE_RECURSION = YES;
				CLANG_WARN_INT_CONVERSION = YES;
				CLANG_WARN_OBJC_ROOT_CLASS = YES_ERROR;
				CLANG_WARN_SUSPICIOUS_MOVE = YES;
				CLANG_WARN_UNREACHABLE_CODE = YES;
				CLANG_WARN__DUPLICATE_METHOD_MATCH = YES;
				"CODE_SIGN_IDENTITY[sdk=iphoneos*]" = "iPhone Developer";
				COPY_PHASE_STRIP = NO;
				DEBUG_INFORMATION_FORMAT = "dwarf-with-dsym";
				ENABLE_NS_ASSERTIONS = NO;
				ENABLE_STRICT_OBJC_MSGSEND = YES;
				GCC_C_LANGUAGE_STANDARD = gnu99;
				GCC_NO_COMMON_BLOCKS = YES;
				GCC_WARN_64_TO_32_BIT_CONVERSION = YES;
				GCC_WARN_ABOUT_RETURN_TYPE = YES_ERROR;
				GCC_WARN_UNDECLARED_SELECTOR = YES;
				GCC_WARN_UNINITIALIZED_AUTOS = YES_AGGRESSIVE;
				GCC_WARN_UNUSED_FUNCTION = YES;
				GCC_WARN_UNUSED_VARIABLE = YES;
				IPHONEOS_DEPLOYMENT_TARGET = 10.3;
				MTL_ENABLE_DEBUG_INFO = NO;
				SDKROOT = iphoneos;
				SWIFT_OPTIMIZATION_LEVEL = "-Owholemodule";
				VALIDATE_PRODUCT = YES;
			};
			name = Release;
		};
		5CE860761F0F4EA300DCCF38 /* Debug */ = {
			isa = XCBuildConfiguration;
			buildSettings = {
				ASSETCATALOG_COMPILER_APPICON_NAME = AppIcon;
				DEVELOPMENT_TEAM = C7RZ55UYB2;
				INFOPLIST_FILE = Checklists/Info.plist;
				LD_RUNPATH_SEARCH_PATHS = "$(inherited) @executable_path/Frameworks";
				PRODUCT_BUNDLE_IDENTIFIER = uocean.Checklists;
				PRODUCT_NAME = "$(TARGET_NAME)";
				SWIFT_VERSION = 3.0;
			};
			name = Debug;
		};
		5CE860771F0F4EA300DCCF38 /* Release */ = {
			isa = XCBuildConfiguration;
			buildSettings = {
				ASSETCATALOG_COMPILER_APPICON_NAME = AppIcon;
				DEVELOPMENT_TEAM = C7RZ55UYB2;
				INFOPLIST_FILE = Checklists/Info.plist;
				LD_RUNPATH_SEARCH_PATHS = "$(inherited) @executable_path/Frameworks";
				PRODUCT_BUNDLE_IDENTIFIER = uocean.Checklists;
				PRODUCT_NAME = "$(TARGET_NAME)";
				SWIFT_VERSION = 3.0;
			};
			name = Release;
		};
/* End XCBuildConfiguration section */

/* Begin XCConfigurationList section */
		5CE8605E1F0F4EA300DCCF38 /* Build configuration list for PBXProject "Checklists" */ = {
			isa = XCConfigurationList;
			buildConfigurations = (
				5CE860731F0F4EA300DCCF38 /* Debug */,
				5CE860741F0F4EA300DCCF38 /* Release */,
			);
			defaultConfigurationIsVisible = 0;
			defaultConfigurationName = Release;
		};
		5CE860751F0F4EA300DCCF38 /* Build configuration list for PBXNativeTarget "Checklists" */ = {
			isa = XCConfigurationList;
			buildConfigurations = (
				5CE860761F0F4EA300DCCF38 /* Debug */,
				5CE860771F0F4EA300DCCF38 /* Release */,
			);
			defaultConfigurationIsVisible = 0;
			defaultConfigurationName = Release;
		};
/* End XCConfigurationList section */
	};
	rootObject = 5CE8605B1F0F4EA300DCCF38 /* Project object */;
}
